
Microsoft Visual Studio Solution File, Format Version 12.00
# Visual Studio Version 16
VisualStudioVersion = 25.0.1705.2
MinimumVisualStudioVersion = 10.0.40219.1
Project("{FAE04EC0-301F-11D3-BF4B-00C04F79EFBC}") = "Mission12API", "Mission12API\Mission12API.csproj", "{9BE79187-C363-46EB-8234-93678008682E}"
EndProject
Global
	GlobalSection(SolutionConfigurationPlatforms) = preSolution
		Debug|Any CPU = Debug|Any CPU
		Release|Any CPU = Release|Any CPU
	EndGlobalSection
	GlobalSection(ProjectConfigurationPlatforms) = postSolution
		{9BE79187-C363-46EB-8234-93678008682E}.Debug|Any CPU.ActiveCfg = Debug|Any CPU
		{9BE79187-C363-46EB-8234-93678008682E}.Debug|Any CPU.Build.0 = Debug|Any CPU
		{9BE79187-C363-46EB-8234-93678008682E}.Release|Any CPU.ActiveCfg = Release|Any CPU
		{9BE79187-C363-46EB-8234-93678008682E}.Release|Any CPU.Build.0 = Release|Any CPU
	EndGlobalSection
	GlobalSection(SolutionProperties) = preSolution
		HideSolutionNode = FALSE
	EndGlobalSection
	GlobalSection(ExtensibilityGlobals) = postSolution
		SolutionGuid = {62F6FF2C-BAD8-4DB7-A005-ECC2A744CF27}
	EndGlobalSection
EndGlobal
